PODS:
  - Realm (5.4.0):
    - Realm/Headers (= 5.4.0)
  - Realm/Headers (5.4.0)
  - RealmSwift (5.4.0):
    - Realm (= 5.4.0)

DEPENDENCIES:
  - RealmSwift

SPEC REPOS:
  trunk:
    - Realm
    - RealmSwift

SPEC CHECKSUMS:
  Realm: 8949757d76e2451a53d727954c607e49c2542b77
  RealmSwift: 0b7d7121e842724188123c6086831ae6d2952050

PODFILE CHECKSUM: fd4e81b03ea338ba5a24a3dff382cbd3e96a0d50

COCOAPODS: 1.9.3
